
Microsoft Visual Studio Solution File, Format Version 12.00
# Visual Studio Version 16
VisualStudioVersion = 16.0.29102.190
MinimumVisualStudioVersion = 10.0.40219.1
Project("{FAE04EC0-301F-11D3-BF4B-00C04F79EFBC}") = "InOut", "InOut\InOut.csproj", "{B22181BD-154C-4776-8CA3-4F843ABD9AE5}"
EndProject
Global
	GlobalSection(SolutionConfigurationPlatforms) = preSolution
		Debug|Any CPU = Debug|Any CPU
		Release|Any CPU = Release|Any CPU
	EndGlobalSection
	GlobalSection(ProjectConfigurationPlatforms) = postSolution
		{B22181BD-154C-4776-8CA3-4F843ABD9AE5}.Debug|Any CPU.ActiveCfg = Debug|Any CPU
		{B22181BD-154C-4776-8CA3-4F843ABD9AE5}.Debug|Any CPU.Build.0 = Debug|Any CPU
		{B22181BD-154C-4776-8CA3-4F843ABD9AE5}.Release|Any CPU.ActiveCfg = Release|Any CPU
		{B22181BD-154C-4776-8CA3-4F843ABD9AE5}.Release|Any CPU.Build.0 = Release|Any CPU
	EndGlobalSection
	GlobalSection(SolutionProperties) = preSolution
		HideSolutionNode = FALSE
	EndGlobalSection
	GlobalSection(ExtensibilityGlobals) = postSolution
		SolutionGuid = {2DD6AC38-5B60-49BA-BFF4-EA37C35DD212}
	EndGlobalSection
EndGlobal
