
Microsoft Visual Studio Solution File, Format Version 12.00
# Visual Studio Version 16
VisualStudioVersion = 16.0.29102.190
MinimumVisualStudioVersion = 10.0.40219.1
Project("{FAE04EC0-301F-11D3-BF4B-00C04F79EFBC}") = "ExecuteReader", "ExecuteReader\ExecuteReader.csproj", "{C91AB74F-55D7-40E5-BBB8-57519D252ABC}"
EndProject
Global
	GlobalSection(SolutionConfigurationPlatforms) = preSolution
		Debug|Any CPU = Debug|Any CPU
		Release|Any CPU = Release|Any CPU
	EndGlobalSection
	GlobalSection(ProjectConfigurationPlatforms) = postSolution
		{C91AB74F-55D7-40E5-BBB8-57519D252ABC}.Debug|Any CPU.ActiveCfg = Debug|Any CPU
		{C91AB74F-55D7-40E5-BBB8-57519D252ABC}.Debug|Any CPU.Build.0 = Debug|Any CPU
		{C91AB74F-55D7-40E5-BBB8-57519D252ABC}.Release|Any CPU.ActiveCfg = Release|Any CPU
		{C91AB74F-55D7-40E5-BBB8-57519D252ABC}.Release|Any CPU.Build.0 = Release|Any CPU
	EndGlobalSection
	GlobalSection(SolutionProperties) = preSolution
		HideSolutionNode = FALSE
	EndGlobalSection
	GlobalSection(ExtensibilityGlobals) = postSolution
		SolutionGuid = {E32E1533-D0F4-487C-8E91-77A7B47F5D8B}
	EndGlobalSection
EndGlobal
